{
  "name": "lefthook-exclude-test",
  "version": "1.0.0",
  "lockfileVersion": 3,
  "requires": true,
  "packages": {
    "": {
      "name": "lefthook-exclude-test",
      "version": "1.0.0",
      "license": "ISC",
      "devDependencies": {
        "lefthook": "^1.7.5",
        "prettier": "^3.3.3"
      }
    },
    "node_modules/lefthook": {
      "version": "1.7.5",
      "resolved": "https://registry.npmjs.org/lefthook/-/lefthook-1.7.5.tgz",
      "integrity": "sha512-pQ4fZaflyUS0Wn+ZH9Nk43n4ShErqh48K04+GXU8IKCu4jU3kUTZkQeYeAtaMzTR5bMHR3epEGxdnLt1z2edNQ==",
      "dev": true,
      "hasInstallScript": true,
      "bin": {
        "lefthook": "bin/index.js"
      },
      "optionalDependencies": {
        "lefthook-darwin-arm64": "1.7.5",
        "lefthook-darwin-x64": "1.7.5",
        "lefthook-freebsd-arm64": "1.7.5",
        "lefthook-freebsd-x64": "1.7.5",
        "lefthook-linux-arm64": "1.7.5",
        "lefthook-linux-x64": "1.7.5",
        "lefthook-windows-arm64": "1.7.5",
        "lefthook-windows-x64": "1.7.5"
      }
    },
    "node_modules/lefthook-darwin-arm64": {
      "version": "1.7.5",
      "resolved": "https://registry.npmjs.org/lefthook-darwin-arm64/-/lefthook-darwin-arm64-1.7.5.tgz",
      "integrity": "sha512-RGLMPmcTBisxT3q0VEsFkEIUyzDa47Yd7M8RJbSeAg1mFyc8LNANV7WK2GHoc9+5OTqu2OAl5tJBkfijBIFJTA==",
      "cpu": [
        "arm64"
      ],
      "dev": true,
      "optional": true,
      "os": [
        "darwin"
      ]
    },
    "node_modules/lefthook-darwin-x64": {
      "version": "1.7.5",
      "resolved": "https://registry.npmjs.org/lefthook-darwin-x64/-/lefthook-darwin-x64-1.7.5.tgz",
      "integrity": "sha512-btSMGOx3/+dOezHU60OOgpBavSkw9Ixy4QPiYyBaE1cor/OxKS/xeeM+WaDzk9+gIKF/NGsv7om1mR4HexmuBA==",
      "cpu": [
        "x64"
      ],
      "dev": true,
      "optional": true,
      "os": [
        "darwin"
      ]
    },
    "node_modules/lefthook-freebsd-arm64": {
      "version": "1.7.5",
      "resolved": "https://registry.npmjs.org/lefthook-freebsd-arm64/-/lefthook-freebsd-arm64-1.7.5.tgz",
      "integrity": "sha512-A0AonnDnllfOYXqXDhBWRSZRqayQd2rvKSW1w6ABfYfbQTLokdVO7Og8RYjuE72h38yaCf0SR7UA5PlO+IxS3g==",
      "cpu": [
        "arm64"
      ],
      "dev": true,
      "optional": true,
      "os": [
        "freebsd"
      ]
    },
    "node_modules/lefthook-freebsd-x64": {
      "version": "1.7.5",
      "resolved": "https://registry.npmjs.org/lefthook-freebsd-x64/-/lefthook-freebsd-x64-1.7.5.tgz",
      "integrity": "sha512-oUWuTE1Q40dHetRZS9e8kPDb9tr0WnXpDPzml9h5n12UmaOFqdBawyw7YIto/dCLgnX/9pFsIumAJnvG8/yvDg==",
      "cpu": [
        "x64"
      ],
      "dev": true,
      "optional": true,
      "os": [
        "freebsd"
      ]
    },
    "node_modules/lefthook-linux-arm64": {
      "version": "1.7.5",
      "resolved": "https://registry.npmjs.org/lefthook-linux-arm64/-/lefthook-linux-arm64-1.7.5.tgz",
      "integrity": "sha512-EBNepIJnm07BTWtZd1f8xUetaFivDyf2eXUAedVUAxpW4db4RXnqE76/kHYhKxr+6f8fRdqXA/qqbKhSre+yWg==",
      "cpu": [
        "arm64"
      ],
      "dev": true,
      "optional": true,
      "os": [
        "linux"
      ]
    },
    "node_modules/lefthook-linux-x64": {
      "version": "1.7.5",
      "resolved": "https://registry.npmjs.org/lefthook-linux-x64/-/lefthook-linux-x64-1.7.5.tgz",
      "integrity": "sha512-a1hBVmzJgqYp8CmvCanjGt2rVLnFH3KBAA4V+CiA/IZwwHxVPqMZVjHzcIu1cYE+82PUFaxcKo46xFA/L0VzpA==",
      "cpu": [
        "x64"
      ],
      "dev": true,
      "optional": true,
      "os": [
        "linux"
      ]
    },
    "node_modules/lefthook-windows-arm64": {
      "version": "1.7.5",
      "resolved": "https://registry.npmjs.org/lefthook-windows-arm64/-/lefthook-windows-arm64-1.7.5.tgz",
      "integrity": "sha512-Haxf+R/NTag6ou7jpuEmht/X9pkpCiBt7GNFNqmCOQZiXdtv4hphzrt+deQPRdvIUCxY1ymHzxN07wdiF0ivhw==",
      "cpu": [
        "arm64"
      ],
      "dev": true,
      "optional": true,
      "os": [
        "win32"
      ]
    },
    "node_modules/lefthook-windows-x64": {
      "version": "1.7.5",
      "resolved": "https://registry.npmjs.org/lefthook-windows-x64/-/lefthook-windows-x64-1.7.5.tgz",
      "integrity": "sha512-Jg1QD0We3uXZBhD66tgeo3WL/hZ3ATGMGrLiBIWAB2lU+/D29YVvVVouv2xOoqLOBE/B/NWNShH9ldx71UvljQ==",
      "cpu": [
        "x64"
      ],
      "dev": true,
      "optional": true,
      "os": [
        "win32"
      ]
    },
    "node_modules/prettier": {
      "version": "3.3.3",
      "resolved": "https://registry.npmjs.org/prettier/-/prettier-3.3.3.tgz",
      "integrity": "sha512-i2tDNA0O5IrMO757lfrdQZCc2jPNDVntV0m/+4whiDfWaTKfMNgR7Qz0NAeGz/nRqF4m5/6CLzbP4/liHt12Ew==",
      "dev": true,
      "bin": {
        "prettier": "bin/prettier.cjs"
      },
      "engines": {
        "node": ">=14"
      },
      "funding": {
        "url": "https://github.com/prettier/prettier?sponsor=1"
      }
    }
  }
}
